
Microsoft Visual Studio Solution File, Format Version 12.00
# Visual Studio Version 17
VisualStudioVersion = 17.13.35919.96 d17.13
MinimumVisualStudioVersion = 10.0.40219.1
Project("{FAE04EC0-301F-11D3-BF4B-00C04F79EFBC}") = "TodoLite", "TodoLite.csproj", "{6AF169D3-09D0-4304-8BA3-8914E15F1A32}"
EndProject
Global
	GlobalSection(SolutionConfigurationPlatforms) = preSolution
		Debug|Any CPU = Debug|Any CPU
		Release|Any CPU = Release|Any CPU
	EndGlobalSection
	GlobalSection(ProjectConfigurationPlatforms) = postSolution
		{6AF169D3-09D0-4304-8BA3-8914E15F1A32}.Debug|Any CPU.ActiveCfg = Debug|Any CPU
		{6AF169D3-09D0-4304-8BA3-8914E15F1A32}.Debug|Any CPU.Build.0 = Debug|Any CPU
		{6AF169D3-09D0-4304-8BA3-8914E15F1A32}.Release|Any CPU.ActiveCfg = Release|Any CPU
		{6AF169D3-09D0-4304-8BA3-8914E15F1A32}.Release|Any CPU.Build.0 = Release|Any CPU
	EndGlobalSection
	GlobalSection(SolutionProperties) = preSolution
		HideSolutionNode = FALSE
	EndGlobalSection
	GlobalSection(ExtensibilityGlobals) = postSolution
		SolutionGuid = {6E31F7F3-6450-4F7B-A3EC-6EBFEE6CD087}
	EndGlobalSection
EndGlobal
